Microsoft Visual Studio Solution File, Format Version 12.00
# Visual Studio Version 17
VisualStudioVersion = 17.5.2.0
MinimumVisualStudioVersion = 10.0.40219.1
Project("{FAE04EC0-301F-11D3-BF4B-00C04F79EFBC}") = "FactoryMethodPattern", "FactoryMethodPattern.csproj", "{A003A3CC-59CD-3384-77AA-0EDE61D3EFDA}"
EndProject
Global
	GlobalSection(SolutionConfigurationPlatforms) = preSolution
		Debug|Any CPU = Debug|Any CPU
		Release|Any CPU = Release|Any CPU
	EndGlobalSection
	GlobalSection(ProjectConfigurationPlatforms) = postSolution
		{A003A3CC-59CD-3384-77AA-0EDE61D3EFDA}.Debug|Any CPU.ActiveCfg = Debug|Any CPU
		{A003A3CC-59CD-3384-77AA-0EDE61D3EFDA}.Debug|Any CPU.Build.0 = Debug|Any CPU
		{A003A3CC-59CD-3384-77AA-0EDE61D3EFDA}.Release|Any CPU.ActiveCfg = Release|Any CPU
		{A003A3CC-59CD-3384-77AA-0EDE61D3EFDA}.Release|Any CPU.Build.0 = Release|Any CPU
	EndGlobalSection
	GlobalSection(SolutionProperties) = preSolution
		HideSolutionNode = FALSE
	EndGlobalSection
	GlobalSection(ExtensibilityGlobals) = postSolution
		SolutionGuid = {5556BF07-5B92-4C8E-8407-4F9BF3C85ECD}
	EndGlobalSection
EndGlobal
